
Microsoft Visual Studio Solution File, Format Version 12.00
# Visual Studio Version 16
VisualStudioVersion = 16.0.29519.181
MinimumVisualStudioVersion = 10.0.40219.1
Project("{9A19103F-16F7-4668-BE54-9A1E7A4F7556}") = "WebExpress", "..\..\..\WebExpress\core\WebExpress\WebExpress.csproj", "{46D23D25-5773-4693-B3C2-728D3D3BB4FF}"
EndProject
Project("{9A19103F-16F7-4668-BE54-9A1E7A4F7556}") = "WebExpress.UI", "..\..\..\WebExpress\core\WebExpress.UI\WebExpress.UI.csproj", "{97145FC0-8EF7-4DCC-9CFD-7C54474E4936}"
EndProject
Project("{9A19103F-16F7-4668-BE54-9A1E7A4F7556}") = "WebExpress.App", "..\..\..\WebExpress\core\WebExpress.App\WebExpress.App.csproj", "{73B383B7-D483-484B-B6BA-E440714CF5F7}"
EndProject
Project("{9A19103F-16F7-4668-BE54-9A1E7A4F7556}") = "ViLa", "ViLa\ViLa.csproj", "{432EC42A-5F7F-4D7E-A41D-66B87E7BE242}"
EndProject
Project("{9A19103F-16F7-4668-BE54-9A1E7A4F7556}") = "ViLa.App", "ViLa.App\ViLa.App.csproj", "{5C10247D-6178-4097-A5F9-AE180C48AFD4}"
EndProject
Project("{9A19103F-16F7-4668-BE54-9A1E7A4F7556}") = "WebExpress.WebApp", "..\..\..\WebExpress\core\WebExpress.WebApp\WebExpress.WebApp.csproj", "{31655386-DB0E-46AD-B01F-F79E744CABCC}"
EndProject
Global
	GlobalSection(SolutionConfigurationPlatforms) = preSolution
		Debug|Any CPU = Debug|Any CPU
		Release|Any CPU = Release|Any CPU
	EndGlobalSection
	GlobalSection(ProjectConfigurationPlatforms) = postSolution
		{46D23D25-5773-4693-B3C2-728D3D3BB4FF}.Debug|Any CPU.ActiveCfg = Debug|Any CPU
		{46D23D25-5773-4693-B3C2-728D3D3BB4FF}.Debug|Any CPU.Build.0 = Debug|Any CPU
		{46D23D25-5773-4693-B3C2-728D3D3BB4FF}.Release|Any CPU.ActiveCfg = Release|Any CPU
		{46D23D25-5773-4693-B3C2-728D3D3BB4FF}.Release|Any CPU.Build.0 = Release|Any CPU
		{97145FC0-8EF7-4DCC-9CFD-7C54474E4936}.Debug|Any CPU.ActiveCfg = Debug|Any CPU
		{97145FC0-8EF7-4DCC-9CFD-7C54474E4936}.Debug|Any CPU.Build.0 = Debug|Any CPU
		{97145FC0-8EF7-4DCC-9CFD-7C54474E4936}.Release|Any CPU.ActiveCfg = Release|Any CPU
		{97145FC0-8EF7-4DCC-9CFD-7C54474E4936}.Release|Any CPU.Build.0 = Release|Any CPU
		{73B383B7-D483-484B-B6BA-E440714CF5F7}.Debug|Any CPU.ActiveCfg = Debug|Any CPU
		{73B383B7-D483-484B-B6BA-E440714CF5F7}.Debug|Any CPU.Build.0 = Debug|Any CPU
		{73B383B7-D483-484B-B6BA-E440714CF5F7}.Release|Any CPU.ActiveCfg = Release|Any CPU
		{73B383B7-D483-484B-B6BA-E440714CF5F7}.Release|Any CPU.Build.0 = Release|Any CPU
		{432EC42A-5F7F-4D7E-A41D-66B87E7BE242}.Debug|Any CPU.ActiveCfg = Debug|Any CPU
		{432EC42A-5F7F-4D7E-A41D-66B87E7BE242}.Debug|Any CPU.Build.0 = Debug|Any CPU
		{432EC42A-5F7F-4D7E-A41D-66B87E7BE242}.Release|Any CPU.ActiveCfg = Release|Any CPU
		{432EC42A-5F7F-4D7E-A41D-66B87E7BE242}.Release|Any CPU.Build.0 = Release|Any CPU
		{5C10247D-6178-4097-A5F9-AE180C48AFD4}.Debug|Any CPU.ActiveCfg = Debug|Any CPU
		{5C10247D-6178-4097-A5F9-AE180C48AFD4}.Debug|Any CPU.Build.0 = Debug|Any CPU
		{5C10247D-6178-4097-A5F9-AE180C48AFD4}.Release|Any CPU.ActiveCfg = Release|Any CPU
		{5C10247D-6178-4097-A5F9-AE180C48AFD4}.Release|Any CPU.Build.0 = Release|Any CPU
		{31655386-DB0E-46AD-B01F-F79E744CABCC}.Debug|Any CPU.ActiveCfg = Debug|Any CPU
		{31655386-DB0E-46AD-B01F-F79E744CABCC}.Debug|Any CPU.Build.0 = Debug|Any CPU
		{31655386-DB0E-46AD-B01F-F79E744CABCC}.Release|Any CPU.ActiveCfg = Release|Any CPU
		{31655386-DB0E-46AD-B01F-F79E744CABCC}.Release|Any CPU.Build.0 = Release|Any CPU
	EndGlobalSection
	GlobalSection(SolutionProperties) = preSolution
		HideSolutionNode = FALSE
	EndGlobalSection
	GlobalSection(ExtensibilityGlobals) = postSolution
		SolutionGuid = {228652A4-7AA3-44DC-A0C1-3DF9603AD5EB}
	EndGlobalSection
EndGlobal
