
Microsoft Visual Studio Solution File, Format Version 12.00
# Visual Studio Version 17
VisualStudioVersion = 17.6.33801.468
MinimumVisualStudioVersion = 10.0.40219.1
Project("{9A19103F-16F7-4668-BE54-9A1E7A4F7556}") = "ViLa", "ViLa\ViLa.csproj", "{432EC42A-5F7F-4D7E-A41D-66B87E7BE242}"
EndProject
Project("{9A19103F-16F7-4668-BE54-9A1E7A4F7556}") = "ViLa.App", "ViLa.App\ViLa.App.csproj", "{5C10247D-6178-4097-A5F9-AE180C48AFD4}"
EndProject
Global
	GlobalSection(SolutionConfigurationPlatforms) = preSolution
		Debug|Any CPU = Debug|Any CPU
		Release|Any CPU = Release|Any CPU
	EndGlobalSection
	GlobalSection(ProjectConfigurationPlatforms) = postSolution
		{432EC42A-5F7F-4D7E-A41D-66B87E7BE242}.Debug|Any CPU.ActiveCfg = Debug|Any CPU
		{432EC42A-5F7F-4D7E-A41D-66B87E7BE242}.Debug|Any CPU.Build.0 = Debug|Any CPU
		{432EC42A-5F7F-4D7E-A41D-66B87E7BE242}.Release|Any CPU.ActiveCfg = Release|Any CPU
		{432EC42A-5F7F-4D7E-A41D-66B87E7BE242}.Release|Any CPU.Build.0 = Release|Any CPU
		{5C10247D-6178-4097-A5F9-AE180C48AFD4}.Debug|Any CPU.ActiveCfg = Debug|Any CPU
		{5C10247D-6178-4097-A5F9-AE180C48AFD4}.Debug|Any CPU.Build.0 = Debug|Any CPU
		{5C10247D-6178-4097-A5F9-AE180C48AFD4}.Release|Any CPU.ActiveCfg = Release|Any CPU
		{5C10247D-6178-4097-A5F9-AE180C48AFD4}.Release|Any CPU.Build.0 = Release|Any CPU
	EndGlobalSection
	GlobalSection(SolutionProperties) = preSolution
		HideSolutionNode = FALSE
	EndGlobalSection
	GlobalSection(ExtensibilityGlobals) = postSolution
		SolutionGuid = {228652A4-7AA3-44DC-A0C1-3DF9603AD5EB}
	EndGlobalSection
EndGlobal
